
Microsoft Visual Studio Solution File, Format Version 12.00
# Visual Studio Version 16
VisualStudioVersion = 16.0.29326.143
MinimumVisualStudioVersion = 10.0.40219.1
Project("{FAE04EC0-301F-11D3-BF4B-00C04F79EFBC}") = "SampleApp", "SampleApp\SampleApp.csproj", "{7BEDDA41-D37D-4354-91DF-4EFD6CC7A306}"
EndProject
Global
	GlobalSection(SolutionConfigurationPlatforms) = preSolution
		Debug|Any CPU = Debug|Any CPU
		Release|Any CPU = Release|Any CPU
	EndGlobalSection
	GlobalSection(ProjectConfigurationPlatforms) = postSolution
		{7BEDDA41-D37D-4354-91DF-4EFD6CC7A306}.Debug|Any CPU.ActiveCfg = Debug|Any CPU
		{7BEDDA41-D37D-4354-91DF-4EFD6CC7A306}.Debug|Any CPU.Build.0 = Debug|Any CPU
		{7BEDDA41-D37D-4354-91DF-4EFD6CC7A306}.Release|Any CPU.ActiveCfg = Release|Any CPU
		{7BEDDA41-D37D-4354-91DF-4EFD6CC7A306}.Release|Any CPU.Build.0 = Release|Any CPU
	EndGlobalSection
	GlobalSection(SolutionProperties) = preSolution
		HideSolutionNode = FALSE
	EndGlobalSection
	GlobalSection(ExtensibilityGlobals) = postSolution
		SolutionGuid = {251DEBF1-B14B-4733-A171-7EC808791CEB}
	EndGlobalSection
EndGlobal
